{
  "version": 4,
  "terraform_version": "1.5.0",
  "serial": 3,
  "lineage": "8fa9d9f4-c46e-e6d4-5cad-e589483e748b",
  "outputs": {},
  "resources": [
    {
      "mode": "managed",
      "type": "azurerm_resource_group",
      "name": "rg",
      "provider": "provider[\"registry.terraform.io/hashicorp/azurerm\"]",
      "instances": [
        {
          "schema_version": 0,
          "attributes": {
            "id": "/subscriptions/3b65aa4a-6333-4cf8-9b7d-b41e3df810cb/resourceGroups/JaganRG1",
            "location": "eastus",
            "name": "JaganRG1",
            "tags": null,
            "timeouts": null
          },
          "sensitive_attributes": [],
          "private": "eyJlMmJmYjczMC1lY2FhLTExZTYtOGY4OC0zNDM2M2JjN2M0YzAiOnsiY3JlYXRlIjo1NDAwMDAwMDAwMDAwLCJkZWxldGUiOjU0MDAwMDAwMDAwMDAsInJlYWQiOjMwMDAwMDAwMDAwMCwidXBkYXRlIjo1NDAwMDAwMDAwMDAwfX0="
        }
      ]
    },
    {
      "mode": "managed",
      "type": "azurerm_virtual_network",
      "name": "vnet",
      "provider": "provider[\"registry.terraform.io/hashicorp/azurerm\"]",
      "instances": [
        {
          "schema_version": 0,
          "attributes": {
            "address_space": [
              "10.0.0.0/16"
            ],
            "bgp_community": "",
            "ddos_protection_plan": [],
            "dns_servers": [],
            "edge_zone": "",
            "flow_timeout_in_minutes": 0,
            "guid": "6c76a4fa-64a9-4f19-ada1-37d463ff04b2",
            "id": "/subscriptions/3b65aa4a-6333-4cf8-9b7d-b41e3df810cb/resourceGroups/JaganRG1/providers/Microsoft.Network/virtualNetworks/jgvnet14",
            "location": "eastus",
            "name": "jgvnet14",
            "resource_group_name": "JaganRG1",
            "subnet": [
              {
                "address_prefix": "10.0.1.0/24",
                "id": "/subscriptions/3b65aa4a-6333-4cf8-9b7d-b41e3df810cb/resourceGroups/JaganRG1/providers/Microsoft.Network/virtualNetworks/jgvnet14/subnets/subnet1",
                "name": "subnet1",
                "security_group": ""
              },
              {
                "address_prefix": "10.0.2.0/24",
                "id": "/subscriptions/3b65aa4a-6333-4cf8-9b7d-b41e3df810cb/resourceGroups/JaganRG1/providers/Microsoft.Network/virtualNetworks/jgvnet14/subnets/subnet2",
                "name": "subnet2",
                "security_group": ""
              }
            ],
            "tags": {
              "environment": "Production"
            },
            "timeouts": null
          },
          "sensitive_attributes": [],
          "private": "eyJlMmJmYjczMC1lY2FhLTExZTYtOGY4OC0zNDM2M2JjN2M0YzAiOnsiY3JlYXRlIjoxODAwMDAwMDAwMDAwLCJkZWxldGUiOjE4MDAwMDAwMDAwMDAsInJlYWQiOjMwMDAwMDAwMDAwMCwidXBkYXRlIjoxODAwMDAwMDAwMDAwfX0=",
          "dependencies": [
            "azurerm_resource_group.rg"
          ]
        }
      ]
    }
  ],
  "check_results": null
}
